// !$*UTF8*$!
{
	archiveVersion = 1;
	classes = {
	};
	objectVersion = 56;
	objects = {

/* Begin PBXBuildFile section */
		5148972D2ADD5E7E00745665 /* Moonshot_iOS_AppApp.swift in Sources */ = {isa = PBXBuildFile; fileRef = 5148972C2ADD5E7E00745665 /* Moonshot_iOS_AppApp.swift */; };
		5148972F2ADD5E7E00745665 /* MainContentView.swift in Sources */ = {isa = PBXBuildFile; fileRef = 5148972E2ADD5E7E00745665 /* MainContentView.swift */; };
		514897312ADD5E7E00745665 /* Assets.xcassets in Resources */ = {isa = PBXBuildFile; fileRef = 514897302ADD5E7E00745665 /* Assets.xcassets */; };
		514897342ADD5E7E00745665 /* Preview Assets.xcassets in Resources */ = {isa = PBXBuildFile; fileRef = 514897332ADD5E7E00745665 /* Preview Assets.xcassets */; };
		5148973D2ADD5EF500745665 /* missions.json in Resources */ = {isa = PBXBuildFile; fileRef = 5148973B2ADD5EF500745665 /* missions.json */; };
		5148973E2ADD5EF500745665 /* astronauts.json in Resources */ = {isa = PBXBuildFile; fileRef = 5148973C2ADD5EF500745665 /* astronauts.json */; };
		51933E902ADD727B000512F6 /* Astronaut.swift in Sources */ = {isa = PBXBuildFile; fileRef = 51933E8F2ADD727B000512F6 /* Astronaut.swift */; };
		51933E922ADD72DC000512F6 /* Extensions.swift in Sources */ = {isa = PBXBuildFile; fileRef = 51933E912ADD72DC000512F6 /* Extensions.swift */; };
		51933E962ADD76DB000512F6 /* Mission.swift in Sources */ = {isa = PBXBuildFile; fileRef = 51933E952ADD76DB000512F6 /* Mission.swift */; };
		51B386962ADD92F800B5282E /* MissionView.swift in Sources */ = {isa = PBXBuildFile; fileRef = 51B386952ADD92F800B5282E /* MissionView.swift */; };
		51B386982ADD9C6E00B5282E /* AstronautView.swift in Sources */ = {isa = PBXBuildFile; fileRef = 51B386972ADD9C6E00B5282E /* AstronautView.swift */; };
/* End PBXBuildFile section */

/* Begin PBXFileReference section */
		514897292ADD5E7E00745665 /* Moonshot iOS App.app */ = {isa = PBXFileReference; explicitFileType = wrapper.application; includeInIndex = 0; path = "Moonshot iOS App.app"; sourceTree = BUILT_PRODUCTS_DIR; };
		5148972C2ADD5E7E00745665 /* Moonshot_iOS_AppApp.swift */ = {isa = PBXFileReference; lastKnownFileType = sourcecode.swift; path = Moonshot_iOS_AppApp.swift; sourceTree = "<group>"; };
		5148972E2ADD5E7E00745665 /* MainContentView.swift */ = {isa = PBXFileReference; lastKnownFileType = sourcecode.swift; path = MainContentView.swift; sourceTree = "<group>"; };
		514897302ADD5E7E00745665 /* Assets.xcassets */ = {isa = PBXFileReference; lastKnownFileType = folder.assetcatalog; path = Assets.xcassets; sourceTree = "<group>"; };
		514897332ADD5E7E00745665 /* Preview Assets.xcassets */ = {isa = PBXFileReference; lastKnownFileType = folder.assetcatalog; path = "Preview Assets.xcassets"; sourceTree = "<group>"; };
		5148973B2ADD5EF500745665 /* missions.json */ = {isa = PBXFileReference; fileEncoding = 4; lastKnownFileType = text.json; path = missions.json; sourceTree = "<group>"; };
		5148973C2ADD5EF500745665 /* astronauts.json */ = {isa = PBXFileReference; fileEncoding = 4; lastKnownFileType = text.json; path = astronauts.json; sourceTree = "<group>"; };
		51933E8F2ADD727B000512F6 /* Astronaut.swift */ = {isa = PBXFileReference; lastKnownFileType = sourcecode.swift; path = Astronaut.swift; sourceTree = "<group>"; };
		51933E912ADD72DC000512F6 /* Extensions.swift */ = {isa = PBXFileReference; lastKnownFileType = sourcecode.swift; path = Extensions.swift; sourceTree = "<group>"; };
		51933E952ADD76DB000512F6 /* Mission.swift */ = {isa = PBXFileReference; lastKnownFileType = sourcecode.swift; path = Mission.swift; sourceTree = "<group>"; };
		51B386952ADD92F800B5282E /* MissionView.swift */ = {isa = PBXFileReference; lastKnownFileType = sourcecode.swift; path = MissionView.swift; sourceTree = "<group>"; };
		51B386972ADD9C6E00B5282E /* AstronautView.swift */ = {isa = PBXFileReference; lastKnownFileType = sourcecode.swift; path = AstronautView.swift; sourceTree = "<group>"; };
/* End PBXFileReference section */

/* Begin PBXFrameworksBuildPhase section */
		514897262ADD5E7E00745665 /* Frameworks */ = {
			isa = PBXFrameworksBuildPhase;
			buildActionMask = 2147483647;
			files = (
			);
			runOnlyForDeploymentPostprocessing = 0;
		};
/* End PBXFrameworksBuildPhase section */

/* Begin PBXGroup section */
		514897202ADD5E7E00745665 = {
			isa = PBXGroup;
			children = (
				5148972B2ADD5E7E00745665 /* Moonshot iOS App */,
				5148972A2ADD5E7E00745665 /* Products */,
			);
			sourceTree = "<group>";
		};
		5148972A2ADD5E7E00745665 /* Products */ = {
			isa = PBXGroup;
			children = (
				514897292ADD5E7E00745665 /* Moonshot iOS App.app */,
			);
			name = Products;
			sourceTree = "<group>";
		};
		5148972B2ADD5E7E00745665 /* Moonshot iOS App */ = {
			isa = PBXGroup;
			children = (
				5148973A2ADD5EE500745665 /* Data Json */,
				5148972C2ADD5E7E00745665 /* Moonshot_iOS_AppApp.swift */,
				51B386942ADD92E500B5282E /* Views */,
				514897302ADD5E7E00745665 /* Assets.xcassets */,
				514897322ADD5E7E00745665 /* Preview Content */,
				51933E942ADD75A5000512F6 /* Data Model */,
				51933E932ADD7597000512F6 /* Extensions */,
			);
			path = "Moonshot iOS App";
			sourceTree = "<group>";
		};
		514897322ADD5E7E00745665 /* Preview Content */ = {
			isa = PBXGroup;
			children = (
				514897332ADD5E7E00745665 /* Preview Assets.xcassets */,
			);
			path = "Preview Content";
			sourceTree = "<group>";
		};
		5148973A2ADD5EE500745665 /* Data Json */ = {
			isa = PBXGroup;
			children = (
				5148973C2ADD5EF500745665 /* astronauts.json */,
				5148973B2ADD5EF500745665 /* missions.json */,
			);
			path = "Data Json";
			sourceTree = "<group>";
		};
		51933E932ADD7597000512F6 /* Extensions */ = {
			isa = PBXGroup;
			children = (
				51933E912ADD72DC000512F6 /* Extensions.swift */,
			);
			path = Extensions;
			sourceTree = "<group>";
		};
		51933E942ADD75A5000512F6 /* Data Model */ = {
			isa = PBXGroup;
			children = (
				51933E952ADD76DB000512F6 /* Mission.swift */,
				51933E8F2ADD727B000512F6 /* Astronaut.swift */,
			);
			path = "Data Model";
			sourceTree = "<group>";
		};
		51B386942ADD92E500B5282E /* Views */ = {
			isa = PBXGroup;
			children = (
				5148972E2ADD5E7E00745665 /* MainContentView.swift */,
				51B386952ADD92F800B5282E /* MissionView.swift */,
				51B386972ADD9C6E00B5282E /* AstronautView.swift */,
			);
			path = Views;
			sourceTree = "<group>";
		};
/* End PBXGroup section */

/* Begin PBXNativeTarget section */
		514897282ADD5E7E00745665 /* Moonshot iOS App */ = {
			isa = PBXNativeTarget;
			buildConfigurationList = 514897372ADD5E7E00745665 /* Build configuration list for PBXNativeTarget "Moonshot iOS App" */;
			buildPhases = (
				514897252ADD5E7E00745665 /* Sources */,
				514897262ADD5E7E00745665 /* Frameworks */,
				514897272ADD5E7E00745665 /* Resources */,
			);
			buildRules = (
			);
			dependencies = (
			);
			name = "Moonshot iOS App";
			productName = "Moonshot iOS App";
			productReference = 514897292ADD5E7E00745665 /* Moonshot iOS App.app */;
			productType = "com.apple.product-type.application";
		};
/* End PBXNativeTarget section */

/* Begin PBXProject section */
		514897212ADD5E7E00745665 /* Project object */ = {
			isa = PBXProject;
			attributes = {
				BuildIndependentTargetsInParallel = 1;
				LastSwiftUpdateCheck = 1500;
				LastUpgradeCheck = 1500;
				TargetAttributes = {
					514897282ADD5E7E00745665 = {
						CreatedOnToolsVersion = 15.0;
					};
				};
			};
			buildConfigurationList = 514897242ADD5E7E00745665 /* Build configuration list for PBXProject "Moonshot iOS App" */;
			compatibilityVersion = "Xcode 14.0";
			developmentRegion = en;
			hasScannedForEncodings = 0;
			knownRegions = (
				en,
				Base,
			);
			mainGroup = 514897202ADD5E7E00745665;
			productRefGroup = 5148972A2ADD5E7E00745665 /* Products */;
			projectDirPath = "";
			projectRoot = "";
			targets = (
				514897282ADD5E7E00745665 /* Moonshot iOS App */,
			);
		};
/* End PBXProject section */

/* Begin PBXResourcesBuildPhase section */
		514897272ADD5E7E00745665 /* Resources */ = {
			isa = PBXResourcesBuildPhase;
			buildActionMask = 2147483647;
			files = (
				514897342ADD5E7E00745665 /* Preview Assets.xcassets in Resources */,
				5148973D2ADD5EF500745665 /* missions.json in Resources */,
				514897312ADD5E7E00745665 /* Assets.xcassets in Resources */,
				5148973E2ADD5EF500745665 /* astronauts.json in Resources */,
			);
			runOnlyForDeploymentPostprocessing = 0;
		};
/* End PBXResourcesBuildPhase section */

/* Begin PBXSourcesBuildPhase section */
		514897252ADD5E7E00745665 /* Sources */ = {
			isa = PBXSourcesBuildPhase;
			buildActionMask = 2147483647;
			files = (
				51B386982ADD9C6E00B5282E /* AstronautView.swift in Sources */,
				51933E902ADD727B000512F6 /* Astronaut.swift in Sources */,
				5148972F2ADD5E7E00745665 /* MainContentView.swift in Sources */,
				5148972D2ADD5E7E00745665 /* Moonshot_iOS_AppApp.swift in Sources */,
				51933E962ADD76DB000512F6 /* Mission.swift in Sources */,
				51933E922ADD72DC000512F6 /* Extensions.swift in Sources */,
				51B386962ADD92F800B5282E /* MissionView.swift in Sources */,
			);
			runOnlyForDeploymentPostprocessing = 0;
		};
/* End PBXSourcesBuildPhase section */

/* Begin XCBuildConfiguration section */
		514897352ADD5E7E00745665 /* Debug */ = {
			isa = XCBuildConfiguration;
			buildSettings = {
				ALWAYS_SEARCH_USER_PATHS = NO;
				ASSETCATALOG_COMPILER_GENERATE_SWIFT_ASSET_SYMBOL_EXTENSIONS = YES;
				CLANG_ANALYZER_NONNULL = YES;
				CLANG_ANALYZER_NUMBER_OBJECT_CONVERSION = YES_AGGRESSIVE;
				CLANG_CXX_LANGUAGE_STANDARD = "gnu++20";
				CLANG_ENABLE_MODULES = YES;
				CLANG_ENABLE_OBJC_ARC = YES;
				CLANG_ENABLE_OBJC_WEAK = YES;
				CLANG_WARN_BLOCK_CAPTURE_AUTORELEASING = YES;
				CLANG_WARN_BOOL_CONVERSION = YES;
				CLANG_WARN_COMMA = YES;
				CLANG_WARN_CONSTANT_CONVERSION = YES;
				CLANG_WARN_DEPRECATED_OBJC_IMPLEMENTATIONS = YES;
				CLANG_WARN_DIRECT_OBJC_ISA_USAGE = YES_ERROR;
				CLANG_WARN_DOCUMENTATION_COMMENTS = YES;
				CLANG_WARN_EMPTY_BODY = YES;
				CLANG_WARN_ENUM_CONVERSION = YES;
				CLANG_WARN_INFINITE_RECURSION = YES;
				CLANG_WARN_INT_CONVERSION = YES;
				CLANG_WARN_NON_LITERAL_NULL_CONVERSION = YES;
				CLANG_WARN_OBJC_IMPLICIT_RETAIN_SELF = YES;
				CLANG_WARN_OBJC_LITERAL_CONVERSION = YES;
				CLANG_WARN_OBJC_ROOT_CLASS = YES_ERROR;
				CLANG_WARN_QUOTED_INCLUDE_IN_FRAMEWORK_HEADER = YES;
				CLANG_WARN_RANGE_LOOP_ANALYSIS = YES;
				CLANG_WARN_STRICT_PROTOTYPES = YES;
				CLANG_WARN_SUSPICIOUS_MOVE = YES;
				CLANG_WARN_UNGUARDED_AVAILABILITY = YES_AGGRESSIVE;
				CLANG_WARN_UNREACHABLE_CODE = YES;
				CLANG_WARN__DUPLICATE_METHOD_MATCH = YES;
				COPY_PHASE_STRIP = NO;
				DEBUG_INFORMATION_FORMAT = dwarf;
				ENABLE_STRICT_OBJC_MSGSEND = YES;
				ENABLE_TESTABILITY = YES;
				ENABLE_USER_SCRIPT_SANDBOXING = YES;
				GCC_C_LANGUAGE_STANDARD = gnu17;
				GCC_DYNAMIC_NO_PIC = NO;
				GCC_NO_COMMON_BLOCKS = YES;
				GCC_OPTIMIZATION_LEVEL = 0;
				GCC_PREPROCESSOR_DEFINITIONS = (
					"DEBUG=1",
					"$(inherited)",
				);
				GCC_WARN_64_TO_32_BIT_CONVERSION = YES;
				GCC_WARN_ABOUT_RETURN_TYPE = YES_ERROR;
				GCC_WARN_UNDECLARED_SELECTOR = YES;
				GCC_WARN_UNINITIALIZED_AUTOS = YES_AGGRESSIVE;
				GCC_WARN_UNUSED_FUNCTION = YES;
				GCC_WARN_UNUSED_VARIABLE = YES;
				IPHONEOS_DEPLOYMENT_TARGET = 17.0;
				LOCALIZATION_PREFERS_STRING_CATALOGS = YES;
				MTL_ENABLE_DEBUG_INFO = INCLUDE_SOURCE;
				MTL_FAST_MATH = YES;
				ONLY_ACTIVE_ARCH = YES;
				SDKROOT = iphoneos;
				SWIFT_ACTIVE_COMPILATION_CONDITIONS = "DEBUG $(inherited)";
				SWIFT_OPTIMIZATION_LEVEL = "-Onone";
			};
			name = Debug;
		};
		514897362ADD5E7E00745665 /* Release */ = {
			isa = XCBuildConfiguration;
			buildSettings = {
				ALWAYS_SEARCH_USER_PATHS = NO;
				ASSETCATALOG_COMPILER_GENERATE_SWIFT_ASSET_SYMBOL_EXTENSIONS = YES;
				CLANG_ANALYZER_NONNULL = YES;
				CLANG_ANALYZER_NUMBER_OBJECT_CONVERSION = YES_AGGRESSIVE;
				CLANG_CXX_LANGUAGE_STANDARD = "gnu++20";
				CLANG_ENABLE_MODULES = YES;
				CLANG_ENABLE_OBJC_ARC = YES;
				CLANG_ENABLE_OBJC_WEAK = YES;
				CLANG_WARN_BLOCK_CAPTURE_AUTORELEASING = YES;
				CLANG_WARN_BOOL_CONVERSION = YES;
				CLANG_WARN_COMMA = YES;
				CLANG_WARN_CONSTANT_CONVERSION = YES;
				CLANG_WARN_DEPRECATED_OBJC_IMPLEMENTATIONS = YES;
				CLANG_WARN_DIRECT_OBJC_ISA_USAGE = YES_ERROR;
				CLANG_WARN_DOCUMENTATION_COMMENTS = YES;
				CLANG_WARN_EMPTY_BODY = YES;
				CLANG_WARN_ENUM_CONVERSION = YES;
				CLANG_WARN_INFINITE_RECURSION = YES;
				CLANG_WARN_INT_CONVERSION = YES;
				CLANG_WARN_NON_LITERAL_NULL_CONVERSION = YES;
				CLANG_WARN_OBJC_IMPLICIT_RETAIN_SELF = YES;
				CLANG_WARN_OBJC_LITERAL_CONVERSION = YES;
				CLANG_WARN_OBJC_ROOT_CLASS = YES_ERROR;
				CLANG_WARN_QUOTED_INCLUDE_IN_FRAMEWORK_HEADER = YES;
				CLANG_WARN_RANGE_LOOP_ANALYSIS = YES;
				CLANG_WARN_STRICT_PROTOTYPES = YES;
				CLANG_WARN_SUSPICIOUS_MOVE = YES;
				CLANG_WARN_UNGUARDED_AVAILABILITY = YES_AGGRESSIVE;
				CLANG_WARN_UNREACHABLE_CODE = YES;
				CLANG_WARN__DUPLICATE_METHOD_MATCH = YES;
				COPY_PHASE_STRIP = NO;
				DEBUG_INFORMATION_FORMAT = "dwarf-with-dsym";
				ENABLE_NS_ASSERTIONS = NO;
				ENABLE_STRICT_OBJC_MSGSEND = YES;
				ENABLE_USER_SCRIPT_SANDBOXING = YES;
				GCC_C_LANGUAGE_STANDARD = gnu17;
				GCC_NO_COMMON_BLOCKS = YES;
				GCC_WARN_64_TO_32_BIT_CONVERSION = YES;
				GCC_WARN_ABOUT_RETURN_TYPE = YES_ERROR;
				GCC_WARN_UNDECLARED_SELECTOR = YES;
				GCC_WARN_UNINITIALIZED_AUTOS = YES_AGGRESSIVE;
				GCC_WARN_UNUSED_FUNCTION = YES;
				GCC_WARN_UNUSED_VARIABLE = YES;
				IPHONEOS_DEPLOYMENT_TARGET = 17.0;
				LOCALIZATION_PREFERS_STRING_CATALOGS = YES;
				MTL_ENABLE_DEBUG_INFO = NO;
				MTL_FAST_MATH = YES;
				SDKROOT = iphoneos;
				SWIFT_COMPILATION_MODE = wholemodule;
				VALIDATE_PRODUCT = YES;
			};
			name = Release;
		};
		514897382ADD5E7E00745665 /* Debug */ = {
			isa = XCBuildConfiguration;
			buildSettings = {
				ASSETCATALOG_COMPILER_APPICON_NAME = AppIcon;
				ASSETCATALOG_COMPILER_GLOBAL_ACCENT_COLOR_NAME = AccentColor;
				CODE_SIGN_STYLE = Automatic;
				CURRENT_PROJECT_VERSION = 1;
				DEVELOPMENT_ASSET_PATHS = "\"Moonshot iOS App/Preview Content\"";
				DEVELOPMENT_TEAM = 43L658SZQH;
				ENABLE_PREVIEWS = YES;
				GENERATE_INFOPLIST_FILE = YES;
				INFOPLIST_KEY_UIApplicationSceneManifest_Generation = YES;
				INFOPLIST_KEY_UIApplicationSupportsIndirectInputEvents = YES;
				INFOPLIST_KEY_UILaunchScreen_Generation = YES;
				INFOPLIST_KEY_UISupportedInterfaceOrientations_iPad = "UIInterfaceOrientationPortrait UIInterfaceOrientationPortraitUpsideDown UIInterfaceOrientationLandscapeLeft UIInterfaceOrientationLandscapeRight";
				INFOPLIST_KEY_UISupportedInterfaceOrientations_iPhone = "UIInterfaceOrientationPortrait UIInterfaceOrientationLandscapeLeft UIInterfaceOrientationLandscapeRight";
				LD_RUNPATH_SEARCH_PATHS = (
					"$(inherited)",
					"@executable_path/Frameworks",
				);
				MARKETING_VERSION = 1.0;
				PRODUCT_BUNDLE_IDENTIFIER = "com.shubhamkashyap.Moonshot-iOS-App";
				PRODUCT_NAME = "$(TARGET_NAME)";
				SWIFT_EMIT_LOC_STRINGS = YES;
				SWIFT_VERSION = 5.0;
				TARGETED_DEVICE_FAMILY = "1,2";
			};
			name = Debug;
		};
		514897392ADD5E7E00745665 /* Release */ = {
			isa = XCBuildConfiguration;
			buildSettings = {
				ASSETCATALOG_COMPILER_APPICON_NAME = AppIcon;
				ASSETCATALOG_COMPILER_GLOBAL_ACCENT_COLOR_NAME = AccentColor;
				CODE_SIGN_STYLE = Automatic;
				CURRENT_PROJECT_VERSION = 1;
				DEVELOPMENT_ASSET_PATHS = "\"Moonshot iOS App/Preview Content\"";
				DEVELOPMENT_TEAM = 43L658SZQH;
				ENABLE_PREVIEWS = YES;
				GENERATE_INFOPLIST_FILE = YES;
				INFOPLIST_KEY_UIApplicationSceneManifest_Generation = YES;
				INFOPLIST_KEY_UIApplicationSupportsIndirectInputEvents = YES;
				INFOPLIST_KEY_UILaunchScreen_Generation = YES;
				INFOPLIST_KEY_UISupportedInterfaceOrientations_iPad = "UIInterfaceOrientationPortrait UIInterfaceOrientationPortraitUpsideDown UIInterfaceOrientationLandscapeLeft UIInterfaceOrientationLandscapeRight";
				INFOPLIST_KEY_UISupportedInterfaceOrientations_iPhone = "UIInterfaceOrientationPortrait UIInterfaceOrientationLandscapeLeft UIInterfaceOrientationLandscapeRight";
				LD_RUNPATH_SEARCH_PATHS = (
					"$(inherited)",
					"@executable_path/Frameworks",
				);
				MARKETING_VERSION = 1.0;
				PRODUCT_BUNDLE_IDENTIFIER = "com.shubhamkashyap.Moonshot-iOS-App";
				PRODUCT_NAME = "$(TARGET_NAME)";
				SWIFT_EMIT_LOC_STRINGS = YES;
				SWIFT_VERSION = 5.0;
				TARGETED_DEVICE_FAMILY = "1,2";
			};
			name = Release;
		};
/* End XCBuildConfiguration section */

/* Begin XCConfigurationList section */
		514897242ADD5E7E00745665 /* Build configuration list for PBXProject "Moonshot iOS App" */ = {
			isa = XCConfigurationList;
			buildConfigurations = (
				514897352ADD5E7E00745665 /* Debug */,
				514897362ADD5E7E00745665 /* Release */,
			);
			defaultConfigurationIsVisible = 0;
			defaultConfigurationName = Release;
		};
		514897372ADD5E7E00745665 /* Build configuration list for PBXNativeTarget "Moonshot iOS App" */ = {
			isa = XCConfigurationList;
			buildConfigurations = (
				514897382ADD5E7E00745665 /* Debug */,
				514897392ADD5E7E00745665 /* Release */,
			);
			defaultConfigurationIsVisible = 0;
			defaultConfigurationName = Release;
		};
/* End XCConfigurationList section */
	};
	rootObject = 514897212ADD5E7E00745665 /* Project object */;
}
